
Microsoft Visual Studio Solution File, Format Version 12.00
# Visual Studio Version 17
VisualStudioVersion = 17.13.35806.99
MinimumVisualStudioVersion = 10.0.40219.1
Project("{8BC9CEB8-8B4A-11D0-8D11-00A0C91BC942}") = "Projectcpp", "Projectcpp.vcxproj", "{DB937C04-34A1-4331-BA1A-53EFCE71BE62}"
EndProject
Project("{2150E333-8FDC-42A3-9474-1A3956D46DE8}") = "Ch1", "Ch1", "{C8D5274F-AC00-46C7-1F8D-E88E81087A52}"
EndProject
Project("{8BC9CEB8-8B4A-11D0-8D11-00A0C91BC942}") = "Ch1", "..\Ch1\Ch1.vcxproj", "{C58B1F96-4820-473E-A0FA-9C8FF2F238EF}"
EndProject
Project("{2150E333-8FDC-42A3-9474-1A3956D46DE8}") = "ToyProject1", "ToyProject1", "{1E2B1D58-A700-4A9C-B0CB-6400FDFF01AC}"
EndProject
Project("{8BC9CEB8-8B4A-11D0-8D11-00A0C91BC942}") = "ToyProject1", "..\ToyProject1\ToyProject1.vcxproj", "{BB45D2BB-2159-49B3-AEDA-F12A86C81497}"
EndProject
Project("{2150E333-8FDC-42A3-9474-1A3956D46DE8}") = "Ch2", "Ch2", "{346C8C0A-4DF2-45E0-AE60-8517F130A702}"
EndProject
Project("{8BC9CEB8-8B4A-11D0-8D11-00A0C91BC942}") = "Ch2", "..\Ch2\Ch2.vcxproj", "{2D280972-7F25-44B5-A8E3-6827A00E5818}"
EndProject
Project("{2150E333-8FDC-42A3-9474-1A3956D46DE8}") = "Ch3", "Ch3", "{E384C5D8-E617-4684-8436-1D3D090672C9}"
EndProject
Project("{8BC9CEB8-8B4A-11D0-8D11-00A0C91BC942}") = "Ch3", "..\Ch3\Ch3.vcxproj", "{D6821ED3-3973-45D0-B89A-9D4DFA933FF9}"
EndProject
Project("{2150E333-8FDC-42A3-9474-1A3956D46DE8}") = "Ch4", "Ch4", "{D861AC15-1141-4D8C-8B05-9936A6FB5228}"
EndProject
Project("{8BC9CEB8-8B4A-11D0-8D11-00A0C91BC942}") = "Ch4", "..\Ch4\Ch4.vcxproj", "{7B208EAF-EAC3-439B-819A-87C4F21902F8}"
EndProject
Project("{2150E333-8FDC-42A3-9474-1A3956D46DE8}") = "Ch5", "Ch5", "{26E2B3A5-59DF-4084-ACF2-0F0F09D268A5}"
EndProject
Project("{8BC9CEB8-8B4A-11D0-8D11-00A0C91BC942}") = "Ch5", "..\Ch5\Ch5.vcxproj", "{5AE6F762-E72A-4B66-8F7E-1422BBD73F8D}"
EndProject
Project("{2150E333-8FDC-42A3-9474-1A3956D46DE8}") = "BattleSystem", "BattleSystem", "{5C5457F7-3BE5-431E-81CD-0FA15B2433E8}"
EndProject
Project("{8BC9CEB8-8B4A-11D0-8D11-00A0C91BC942}") = "BattleSystem", "..\BattleSystem\BattleSystem.vcxproj", "{5747FD06-526F-4DA7-9F4C-8F10252FF73A}"
EndProject
Project("{2150E333-8FDC-42A3-9474-1A3956D46DE8}") = "Ch6", "Ch6", "{05DDA161-D4E7-450C-BBB3-B25AE6FA4BE6}"
EndProject
Project("{8BC9CEB8-8B4A-11D0-8D11-00A0C91BC942}") = "Ch6", "..\Ch6\Ch6.vcxproj", "{9B2A79C1-5E9C-4DB0-AE2A-DCA9B2C85ABA}"
EndProject
Global
	GlobalSection(SolutionConfigurationPlatforms) = preSolution
		Debug|x64 = Debug|x64
		Debug|x86 = Debug|x86
		Release|x64 = Release|x64
		Release|x86 = Release|x86
	EndGlobalSection
	GlobalSection(ProjectConfigurationPlatforms) = postSolution
		{DB937C04-34A1-4331-BA1A-53EFCE71BE62}.Debug|x64.ActiveCfg = Debug|x64
		{DB937C04-34A1-4331-BA1A-53EFCE71BE62}.Debug|x64.Build.0 = Debug|x64
		{DB937C04-34A1-4331-BA1A-53EFCE71BE62}.Debug|x86.ActiveCfg = Debug|Win32
		{DB937C04-34A1-4331-BA1A-53EFCE71BE62}.Debug|x86.Build.0 = Debug|Win32
		{DB937C04-34A1-4331-BA1A-53EFCE71BE62}.Release|x64.ActiveCfg = Release|x64
		{DB937C04-34A1-4331-BA1A-53EFCE71BE62}.Release|x64.Build.0 = Release|x64
		{DB937C04-34A1-4331-BA1A-53EFCE71BE62}.Release|x86.ActiveCfg = Release|Win32
		{DB937C04-34A1-4331-BA1A-53EFCE71BE62}.Release|x86.Build.0 = Release|Win32
		{C58B1F96-4820-473E-A0FA-9C8FF2F238EF}.Debug|x64.ActiveCfg = Debug|x64
		{C58B1F96-4820-473E-A0FA-9C8FF2F238EF}.Debug|x64.Build.0 = Debug|x64
		{C58B1F96-4820-473E-A0FA-9C8FF2F238EF}.Debug|x86.ActiveCfg = Debug|Win32
		{C58B1F96-4820-473E-A0FA-9C8FF2F238EF}.Debug|x86.Build.0 = Debug|Win32
		{C58B1F96-4820-473E-A0FA-9C8FF2F238EF}.Release|x64.ActiveCfg = Release|x64
		{C58B1F96-4820-473E-A0FA-9C8FF2F238EF}.Release|x64.Build.0 = Release|x64
		{C58B1F96-4820-473E-A0FA-9C8FF2F238EF}.Release|x86.ActiveCfg = Release|Win32
		{C58B1F96-4820-473E-A0FA-9C8FF2F238EF}.Release|x86.Build.0 = Release|Win32
		{BB45D2BB-2159-49B3-AEDA-F12A86C81497}.Debug|x64.ActiveCfg = Debug|x64
		{BB45D2BB-2159-49B3-AEDA-F12A86C81497}.Debug|x64.Build.0 = Debug|x64
		{BB45D2BB-2159-49B3-AEDA-F12A86C81497}.Debug|x86.ActiveCfg = Debug|Win32
		{BB45D2BB-2159-49B3-AEDA-F12A86C81497}.Debug|x86.Build.0 = Debug|Win32
		{BB45D2BB-2159-49B3-AEDA-F12A86C81497}.Release|x64.ActiveCfg = Release|x64
		{BB45D2BB-2159-49B3-AEDA-F12A86C81497}.Release|x64.Build.0 = Release|x64
		{BB45D2BB-2159-49B3-AEDA-F12A86C81497}.Release|x86.ActiveCfg = Release|Win32
		{BB45D2BB-2159-49B3-AEDA-F12A86C81497}.Release|x86.Build.0 = Release|Win32
		{2D280972-7F25-44B5-A8E3-6827A00E5818}.Debug|x64.ActiveCfg = Debug|x64
		{2D280972-7F25-44B5-A8E3-6827A00E5818}.Debug|x64.Build.0 = Debug|x64
		{2D280972-7F25-44B5-A8E3-6827A00E5818}.Debug|x86.ActiveCfg = Debug|Win32
		{2D280972-7F25-44B5-A8E3-6827A00E5818}.Debug|x86.Build.0 = Debug|Win32
		{2D280972-7F25-44B5-A8E3-6827A00E5818}.Release|x64.ActiveCfg = Release|x64
		{2D280972-7F25-44B5-A8E3-6827A00E5818}.Release|x64.Build.0 = Release|x64
		{2D280972-7F25-44B5-A8E3-6827A00E5818}.Release|x86.ActiveCfg = Release|Win32
		{2D280972-7F25-44B5-A8E3-6827A00E5818}.Release|x86.Build.0 = Release|Win32
		{D6821ED3-3973-45D0-B89A-9D4DFA933FF9}.Debug|x64.ActiveCfg = Debug|x64
		{D6821ED3-3973-45D0-B89A-9D4DFA933FF9}.Debug|x64.Build.0 = Debug|x64
		{D6821ED3-3973-45D0-B89A-9D4DFA933FF9}.Debug|x86.ActiveCfg = Debug|Win32
		{D6821ED3-3973-45D0-B89A-9D4DFA933FF9}.Debug|x86.Build.0 = Debug|Win32
		{D6821ED3-3973-45D0-B89A-9D4DFA933FF9}.Release|x64.ActiveCfg = Release|x64
		{D6821ED3-3973-45D0-B89A-9D4DFA933FF9}.Release|x64.Build.0 = Release|x64
		{D6821ED3-3973-45D0-B89A-9D4DFA933FF9}.Release|x86.ActiveCfg = Release|Win32
		{D6821ED3-3973-45D0-B89A-9D4DFA933FF9}.Release|x86.Build.0 = Release|Win32
		{7B208EAF-EAC3-439B-819A-87C4F21902F8}.Debug|x64.ActiveCfg = Debug|x64
		{7B208EAF-EAC3-439B-819A-87C4F21902F8}.Debug|x64.Build.0 = Debug|x64
		{7B208EAF-EAC3-439B-819A-87C4F21902F8}.Debug|x86.ActiveCfg = Debug|Win32
		{7B208EAF-EAC3-439B-819A-87C4F21902F8}.Debug|x86.Build.0 = Debug|Win32
		{7B208EAF-EAC3-439B-819A-87C4F21902F8}.Release|x64.ActiveCfg = Release|x64
		{7B208EAF-EAC3-439B-819A-87C4F21902F8}.Release|x64.Build.0 = Release|x64
		{7B208EAF-EAC3-439B-819A-87C4F21902F8}.Release|x86.ActiveCfg = Release|Win32
		{7B208EAF-EAC3-439B-819A-87C4F21902F8}.Release|x86.Build.0 = Release|Win32
		{5AE6F762-E72A-4B66-8F7E-1422BBD73F8D}.Debug|x64.ActiveCfg = Debug|x64
		{5AE6F762-E72A-4B66-8F7E-1422BBD73F8D}.Debug|x64.Build.0 = Debug|x64
		{5AE6F762-E72A-4B66-8F7E-1422BBD73F8D}.Debug|x86.ActiveCfg = Debug|Win32
		{5AE6F762-E72A-4B66-8F7E-1422BBD73F8D}.Debug|x86.Build.0 = Debug|Win32
		{5AE6F762-E72A-4B66-8F7E-1422BBD73F8D}.Release|x64.ActiveCfg = Release|x64
		{5AE6F762-E72A-4B66-8F7E-1422BBD73F8D}.Release|x64.Build.0 = Release|x64
		{5AE6F762-E72A-4B66-8F7E-1422BBD73F8D}.Release|x86.ActiveCfg = Release|Win32
		{5AE6F762-E72A-4B66-8F7E-1422BBD73F8D}.Release|x86.Build.0 = Release|Win32
		{5747FD06-526F-4DA7-9F4C-8F10252FF73A}.Debug|x64.ActiveCfg = Debug|x64
		{5747FD06-526F-4DA7-9F4C-8F10252FF73A}.Debug|x64.Build.0 = Debug|x64
		{5747FD06-526F-4DA7-9F4C-8F10252FF73A}.Debug|x86.ActiveCfg = Debug|Win32
		{5747FD06-526F-4DA7-9F4C-8F10252FF73A}.Debug|x86.Build.0 = Debug|Win32
		{5747FD06-526F-4DA7-9F4C-8F10252FF73A}.Release|x64.ActiveCfg = Release|x64
		{5747FD06-526F-4DA7-9F4C-8F10252FF73A}.Release|x64.Build.0 = Release|x64
		{5747FD06-526F-4DA7-9F4C-8F10252FF73A}.Release|x86.ActiveCfg = Release|Win32
		{5747FD06-526F-4DA7-9F4C-8F10252FF73A}.Release|x86.Build.0 = Release|Win32
		{9B2A79C1-5E9C-4DB0-AE2A-DCA9B2C85ABA}.Debug|x64.ActiveCfg = Debug|x64
		{9B2A79C1-5E9C-4DB0-AE2A-DCA9B2C85ABA}.Debug|x64.Build.0 = Debug|x64
		{9B2A79C1-5E9C-4DB0-AE2A-DCA9B2C85ABA}.Debug|x86.ActiveCfg = Debug|Win32
		{9B2A79C1-5E9C-4DB0-AE2A-DCA9B2C85ABA}.Debug|x86.Build.0 = Debug|Win32
		{9B2A79C1-5E9C-4DB0-AE2A-DCA9B2C85ABA}.Release|x64.ActiveCfg = Release|x64
		{9B2A79C1-5E9C-4DB0-AE2A-DCA9B2C85ABA}.Release|x64.Build.0 = Release|x64
		{9B2A79C1-5E9C-4DB0-AE2A-DCA9B2C85ABA}.Release|x86.ActiveCfg = Release|Win32
		{9B2A79C1-5E9C-4DB0-AE2A-DCA9B2C85ABA}.Release|x86.Build.0 = Release|Win32
	EndGlobalSection
	GlobalSection(SolutionProperties) = preSolution
		HideSolutionNode = FALSE
	EndGlobalSection
	GlobalSection(NestedProjects) = preSolution
		{C58B1F96-4820-473E-A0FA-9C8FF2F238EF} = {C8D5274F-AC00-46C7-1F8D-E88E81087A52}
		{BB45D2BB-2159-49B3-AEDA-F12A86C81497} = {1E2B1D58-A700-4A9C-B0CB-6400FDFF01AC}
		{2D280972-7F25-44B5-A8E3-6827A00E5818} = {346C8C0A-4DF2-45E0-AE60-8517F130A702}
		{D6821ED3-3973-45D0-B89A-9D4DFA933FF9} = {E384C5D8-E617-4684-8436-1D3D090672C9}
		{7B208EAF-EAC3-439B-819A-87C4F21902F8} = {D861AC15-1141-4D8C-8B05-9936A6FB5228}
		{5AE6F762-E72A-4B66-8F7E-1422BBD73F8D} = {26E2B3A5-59DF-4084-ACF2-0F0F09D268A5}
		{5747FD06-526F-4DA7-9F4C-8F10252FF73A} = {5C5457F7-3BE5-431E-81CD-0FA15B2433E8}
		{9B2A79C1-5E9C-4DB0-AE2A-DCA9B2C85ABA} = {05DDA161-D4E7-450C-BBB3-B25AE6FA4BE6}
	EndGlobalSection
	GlobalSection(ExtensibilityGlobals) = postSolution
		SolutionGuid = {AD7DC32C-7727-4D40-97E3-A43512FC0F24}
	EndGlobalSection
EndGlobal
